# This file is automatically @generated by Wally.
# It is not intended for manual editing.
registry = "test"

[[package]]
name = "corecii/greentea"
version = "0.4.10"
dependencies = []

[[package]]
name = "howmanysmall/debug"
version = "1.0.1"
dependencies = []

[[package]]
name = "howmanysmall/greentea-utilities"
version = "1.6.0"
dependencies = [["Debug", "howmanysmall/debug@1.0.1"], ["GreenTea", "corecii/greentea@0.4.10"]]
